
Microsoft Visual Studio Solution File, Format Version 12.00
# Visual Studio Version 17
VisualStudioVersion = 17.0.31903.59
MinimumVisualStudioVersion = 10.0.40219.1
Project("{2150E333-8FDC-42A3-9474-1A3956D46DE8}") = "src", "src", "{827E0CD3-B72D-47B6-A68D-7590B98EB39B}"
EndProject
Project("{FAE04EC0-301F-11D3-BF4B-00C04F79EFBC}") = "FordDiag.Core", "src\FordDiag.Core\FordDiag.Core.csproj", "{38647510-9E3F-4FB7-A398-E84038A51689}"
EndProject
Project("{FAE04EC0-301F-11D3-BF4B-00C04F79EFBC}") = "FordDiag.Cli", "src\FordDiag.Cli\FordDiag.Cli.csproj", "{34EB9945-98B4-4F46-BAE0-8F55C1AEBA08}"
EndProject
Project("{FAE04EC0-301F-11D3-BF4B-00C04F79EFBC}") = "FordDiag.Core.Tests", "tests\FordDiag.Core.Tests\FordDiag.Core.Tests.csproj", "{03E32AA3-AFA8-4C10-9016-650F23416084}"
EndProject
Project("{FAE04EC0-301F-11D3-BF4B-00C04F79EFBC}") = "FordDiag.App", "src\FordDiag.App\FordDiag.App.csproj", "{34C47293-BD73-4651-840F-3ED0CDF90878}"
EndProject
Project("{2150E333-8FDC-42A3-9474-1A3956D46DE8}") = "tests", "tests", "{0AB3BF05-4346-4AA6-1389-037BE0695223}"
EndProject
Project("{FAE04EC0-301F-11D3-BF4B-00C04F79EFBC}") = "FordDiag.App.Tests", "tests\FordDiag.App.Tests\FordDiag.App.Tests.csproj", "{15CE00F7-C996-47B4-AD4D-F9627138CD4A}"
EndProject
Project("{FAE04EC0-301F-11D3-BF4B-00C04F79EFBC}") = "FordDiag.Comms", "src\FordDiag.Comms\FordDiag.Comms.csproj", "{A6FBAA19-2E08-4E6C-9A49-C279B200E8E4}"
EndProject
Project("{FAE04EC0-301F-11D3-BF4B-00C04F79EFBC}") = "FordDiag.Comms.Tests", "tests\FordDiag.Comms.Tests\FordDiag.Comms.Tests.csproj", "{D3D35C9B-F55D-482A-AA49-B8D0D082F8DC}"
EndProject
Global
	GlobalSection(SolutionConfigurationPlatforms) = preSolution
		Debug|Any CPU = Debug|Any CPU
		Debug|x64 = Debug|x64
		Debug|x86 = Debug|x86
		Release|Any CPU = Release|Any CPU
		Release|x64 = Release|x64
		Release|x86 = Release|x86
	EndGlobalSection
	GlobalSection(ProjectConfigurationPlatforms) = postSolution
		{38647510-9E3F-4FB7-A398-E84038A51689}.Debug|Any CPU.ActiveCfg = Debug|Any CPU
		{38647510-9E3F-4FB7-A398-E84038A51689}.Debug|Any CPU.Build.0 = Debug|Any CPU
		{38647510-9E3F-4FB7-A398-E84038A51689}.Debug|x64.ActiveCfg = Debug|Any CPU
		{38647510-9E3F-4FB7-A398-E84038A51689}.Debug|x64.Build.0 = Debug|Any CPU
		{38647510-9E3F-4FB7-A398-E84038A51689}.Debug|x86.ActiveCfg = Debug|Any CPU
		{38647510-9E3F-4FB7-A398-E84038A51689}.Debug|x86.Build.0 = Debug|Any CPU
		{38647510-9E3F-4FB7-A398-E84038A51689}.Release|Any CPU.ActiveCfg = Release|Any CPU
		{38647510-9E3F-4FB7-A398-E84038A51689}.Release|Any CPU.Build.0 = Release|Any CPU
		{38647510-9E3F-4FB7-A398-E84038A51689}.Release|x64.ActiveCfg = Release|Any CPU
		{38647510-9E3F-4FB7-A398-E84038A51689}.Release|x64.Build.0 = Release|Any CPU
		{38647510-9E3F-4FB7-A398-E84038A51689}.Release|x86.ActiveCfg = Release|Any CPU
		{38647510-9E3F-4FB7-A398-E84038A51689}.Release|x86.Build.0 = Release|Any CPU
		{34EB9945-98B4-4F46-BAE0-8F55C1AEBA08}.Debug|Any CPU.ActiveCfg = Debug|Any CPU
		{34EB9945-98B4-4F46-BAE0-8F55C1AEBA08}.Debug|Any CPU.Build.0 = Debug|Any CPU
		{34EB9945-98B4-4F46-BAE0-8F55C1AEBA08}.Debug|x64.ActiveCfg = Debug|Any CPU
		{34EB9945-98B4-4F46-BAE0-8F55C1AEBA08}.Debug|x64.Build.0 = Debug|Any CPU
		{34EB9945-98B4-4F46-BAE0-8F55C1AEBA08}.Debug|x86.ActiveCfg = Debug|Any CPU
		{34EB9945-98B4-4F46-BAE0-8F55C1AEBA08}.Debug|x86.Build.0 = Debug|Any CPU
		{34EB9945-98B4-4F46-BAE0-8F55C1AEBA08}.Release|Any CPU.ActiveCfg = Release|Any CPU
		{34EB9945-98B4-4F46-BAE0-8F55C1AEBA08}.Release|Any CPU.Build.0 = Release|Any CPU
		{34EB9945-98B4-4F46-BAE0-8F55C1AEBA08}.Release|x64.ActiveCfg = Release|Any CPU
		{34EB9945-98B4-4F46-BAE0-8F55C1AEBA08}.Release|x64.Build.0 = Release|Any CPU
		{34EB9945-98B4-4F46-BAE0-8F55C1AEBA08}.Release|x86.ActiveCfg = Release|Any CPU
		{34EB9945-98B4-4F46-BAE0-8F55C1AEBA08}.Release|x86.Build.0 = Release|Any CPU
		{03E32AA3-AFA8-4C10-9016-650F23416084}.Debug|Any CPU.ActiveCfg = Debug|Any CPU
		{03E32AA3-AFA8-4C10-9016-650F23416084}.Debug|Any CPU.Build.0 = Debug|Any CPU
		{03E32AA3-AFA8-4C10-9016-650F23416084}.Debug|x64.ActiveCfg = Debug|Any CPU
		{03E32AA3-AFA8-4C10-9016-650F23416084}.Debug|x64.Build.0 = Debug|Any CPU
		{03E32AA3-AFA8-4C10-9016-650F23416084}.Debug|x86.ActiveCfg = Debug|Any CPU
		{03E32AA3-AFA8-4C10-9016-650F23416084}.Debug|x86.Build.0 = Debug|Any CPU
		{03E32AA3-AFA8-4C10-9016-650F23416084}.Release|Any CPU.ActiveCfg = Release|Any CPU
		{03E32AA3-AFA8-4C10-9016-650F23416084}.Release|Any CPU.Build.0 = Release|Any CPU
		{03E32AA3-AFA8-4C10-9016-650F23416084}.Release|x64.ActiveCfg = Release|Any CPU
		{03E32AA3-AFA8-4C10-9016-650F23416084}.Release|x64.Build.0 = Release|Any CPU
		{03E32AA3-AFA8-4C10-9016-650F23416084}.Release|x86.ActiveCfg = Release|Any CPU
		{03E32AA3-AFA8-4C10-9016-650F23416084}.Release|x86.Build.0 = Release|Any CPU
		{34C47293-BD73-4651-840F-3ED0CDF90878}.Debug|Any CPU.ActiveCfg = Debug|Any CPU
		{34C47293-BD73-4651-840F-3ED0CDF90878}.Debug|Any CPU.Build.0 = Debug|Any CPU
		{34C47293-BD73-4651-840F-3ED0CDF90878}.Debug|x64.ActiveCfg = Debug|Any CPU
		{34C47293-BD73-4651-840F-3ED0CDF90878}.Debug|x64.Build.0 = Debug|Any CPU
		{34C47293-BD73-4651-840F-3ED0CDF90878}.Debug|x86.ActiveCfg = Debug|Any CPU
		{34C47293-BD73-4651-840F-3ED0CDF90878}.Debug|x86.Build.0 = Debug|Any CPU
		{34C47293-BD73-4651-840F-3ED0CDF90878}.Release|Any CPU.ActiveCfg = Release|Any CPU
		{34C47293-BD73-4651-840F-3ED0CDF90878}.Release|Any CPU.Build.0 = Release|Any CPU
		{34C47293-BD73-4651-840F-3ED0CDF90878}.Release|x64.ActiveCfg = Release|Any CPU
		{34C47293-BD73-4651-840F-3ED0CDF90878}.Release|x64.Build.0 = Release|Any CPU
		{34C47293-BD73-4651-840F-3ED0CDF90878}.Release|x86.ActiveCfg = Release|Any CPU
		{34C47293-BD73-4651-840F-3ED0CDF90878}.Release|x86.Build.0 = Release|Any CPU
		{15CE00F7-C996-47B4-AD4D-F9627138CD4A}.Debug|Any CPU.ActiveCfg = Debug|Any CPU
		{15CE00F7-C996-47B4-AD4D-F9627138CD4A}.Debug|Any CPU.Build.0 = Debug|Any CPU
		{15CE00F7-C996-47B4-AD4D-F9627138CD4A}.Debug|x64.ActiveCfg = Debug|Any CPU
		{15CE00F7-C996-47B4-AD4D-F9627138CD4A}.Debug|x64.Build.0 = Debug|Any CPU
		{15CE00F7-C996-47B4-AD4D-F9627138CD4A}.Debug|x86.ActiveCfg = Debug|Any CPU
		{15CE00F7-C996-47B4-AD4D-F9627138CD4A}.Debug|x86.Build.0 = Debug|Any CPU
		{15CE00F7-C996-47B4-AD4D-F9627138CD4A}.Release|Any CPU.ActiveCfg = Release|Any CPU
		{15CE00F7-C996-47B4-AD4D-F9627138CD4A}.Release|Any CPU.Build.0 = Release|Any CPU
		{15CE00F7-C996-47B4-AD4D-F9627138CD4A}.Release|x64.ActiveCfg = Release|Any CPU
		{15CE00F7-C996-47B4-AD4D-F9627138CD4A}.Release|x64.Build.0 = Release|Any CPU
		{15CE00F7-C996-47B4-AD4D-F9627138CD4A}.Release|x86.ActiveCfg = Release|Any CPU
		{15CE00F7-C996-47B4-AD4D-F9627138CD4A}.Release|x86.Build.0 = Release|Any CPU
		{A6FBAA19-2E08-4E6C-9A49-C279B200E8E4}.Debug|Any CPU.ActiveCfg = Debug|Any CPU
		{A6FBAA19-2E08-4E6C-9A49-C279B200E8E4}.Debug|Any CPU.Build.0 = Debug|Any CPU
		{A6FBAA19-2E08-4E6C-9A49-C279B200E8E4}.Debug|x64.ActiveCfg = Debug|Any CPU
		{A6FBAA19-2E08-4E6C-9A49-C279B200E8E4}.Debug|x64.Build.0 = Debug|Any CPU
		{A6FBAA19-2E08-4E6C-9A49-C279B200E8E4}.Debug|x86.ActiveCfg = Debug|Any CPU
		{A6FBAA19-2E08-4E6C-9A49-C279B200E8E4}.Debug|x86.Build.0 = Debug|Any CPU
		{A6FBAA19-2E08-4E6C-9A49-C279B200E8E4}.Release|Any CPU.ActiveCfg = Release|Any CPU
		{A6FBAA19-2E08-4E6C-9A49-C279B200E8E4}.Release|Any CPU.Build.0 = Release|Any CPU
		{A6FBAA19-2E08-4E6C-9A49-C279B200E8E4}.Release|x64.ActiveCfg = Release|Any CPU
		{A6FBAA19-2E08-4E6C-9A49-C279B200E8E4}.Release|x64.Build.0 = Release|Any CPU
		{A6FBAA19-2E08-4E6C-9A49-C279B200E8E4}.Release|x86.ActiveCfg = Release|Any CPU
		{A6FBAA19-2E08-4E6C-9A49-C279B200E8E4}.Release|x86.Build.0 = Release|Any CPU
		{D3D35C9B-F55D-482A-AA49-B8D0D082F8DC}.Debug|Any CPU.ActiveCfg = Debug|Any CPU
		{D3D35C9B-F55D-482A-AA49-B8D0D082F8DC}.Debug|Any CPU.Build.0 = Debug|Any CPU
		{D3D35C9B-F55D-482A-AA49-B8D0D082F8DC}.Debug|x64.ActiveCfg = Debug|Any CPU
		{D3D35C9B-F55D-482A-AA49-B8D0D082F8DC}.Debug|x64.Build.0 = Debug|Any CPU
		{D3D35C9B-F55D-482A-AA49-B8D0D082F8DC}.Debug|x86.ActiveCfg = Debug|Any CPU
		{D3D35C9B-F55D-482A-AA49-B8D0D082F8DC}.Debug|x86.Build.0 = Debug|Any CPU
		{D3D35C9B-F55D-482A-AA49-B8D0D082F8DC}.Release|Any CPU.ActiveCfg = Release|Any CPU
		{D3D35C9B-F55D-482A-AA49-B8D0D082F8DC}.Release|Any CPU.Build.0 = Release|Any CPU
		{D3D35C9B-F55D-482A-AA49-B8D0D082F8DC}.Release|x64.ActiveCfg = Release|Any CPU
		{D3D35C9B-F55D-482A-AA49-B8D0D082F8DC}.Release|x64.Build.0 = Release|Any CPU
		{D3D35C9B-F55D-482A-AA49-B8D0D082F8DC}.Release|x86.ActiveCfg = Release|Any CPU
		{D3D35C9B-F55D-482A-AA49-B8D0D082F8DC}.Release|x86.Build.0 = Release|Any CPU
	EndGlobalSection
	GlobalSection(SolutionProperties) = preSolution
		HideSolutionNode = FALSE
	EndGlobalSection
	GlobalSection(NestedProjects) = preSolution
		{38647510-9E3F-4FB7-A398-E84038A51689} = {827E0CD3-B72D-47B6-A68D-7590B98EB39B}
		{34EB9945-98B4-4F46-BAE0-8F55C1AEBA08} = {827E0CD3-B72D-47B6-A68D-7590B98EB39B}
		{03E32AA3-AFA8-4C10-9016-650F23416084} = {827E0CD3-B72D-47B6-A68D-7590B98EB39B}
		{34C47293-BD73-4651-840F-3ED0CDF90878} = {827E0CD3-B72D-47B6-A68D-7590B98EB39B}
		{15CE00F7-C996-47B4-AD4D-F9627138CD4A} = {0AB3BF05-4346-4AA6-1389-037BE0695223}
		{A6FBAA19-2E08-4E6C-9A49-C279B200E8E4} = {827E0CD3-B72D-47B6-A68D-7590B98EB39B}
		{D3D35C9B-F55D-482A-AA49-B8D0D082F8DC} = {0AB3BF05-4346-4AA6-1389-037BE0695223}
	EndGlobalSection
EndGlobal
